
Microsoft Visual Studio Solution File, Format Version 12.00
# Visual Studio 2013
VisualStudioVersion = 12.0.21005.1
MinimumVisualStudioVersion = 10.0.40219.1
Project("{FAE04EC0-301F-11D3-BF4B-00C04F79EFBC}") = "FolderUI", "Folder\FolderUI.csproj", "{5B43A209-70CA-428C-935B-2EC3120D3E43}"
	ProjectSection(ProjectDependencies) = postProject
		{290F1A56-D635-4426-BB5F-4347F836BAA7} = {290F1A56-D635-4426-BB5F-4347F836BAA7}
		{14C8807A-F0EE-4C73-8BFA-260BF7264A8B} = {14C8807A-F0EE-4C73-8BFA-260BF7264A8B}
	EndProjectSection
EndProject
Project("{FAE04EC0-301F-11D3-BF4B-00C04F79EFBC}") = "Web", "FolderModel\Web.csproj", "{14C8807A-F0EE-4C73-8BFA-260BF7264A8B}"
EndProject
Project("{FAE04EC0-301F-11D3-BF4B-00C04F79EFBC}") = "FolderWCFServices", "FolderWCFServices\FolderWCFServices.csproj", "{290F1A56-D635-4426-BB5F-4347F836BAA7}"
EndProject
Global
	GlobalSection(SolutionConfigurationPlatforms) = preSolution
		Debug|Any CPU = Debug|Any CPU
		Release|Any CPU = Release|Any CPU
	EndGlobalSection
	GlobalSection(ProjectConfigurationPlatforms) = postSolution
		{5B43A209-70CA-428C-935B-2EC3120D3E43}.Debug|Any CPU.ActiveCfg = Debug|Any CPU
		{5B43A209-70CA-428C-935B-2EC3120D3E43}.Debug|Any CPU.Build.0 = Debug|Any CPU
		{5B43A209-70CA-428C-935B-2EC3120D3E43}.Release|Any CPU.ActiveCfg = Release|Any CPU
		{5B43A209-70CA-428C-935B-2EC3120D3E43}.Release|Any CPU.Build.0 = Release|Any CPU
		{14C8807A-F0EE-4C73-8BFA-260BF7264A8B}.Debug|Any CPU.ActiveCfg = Debug|Any CPU
		{14C8807A-F0EE-4C73-8BFA-260BF7264A8B}.Debug|Any CPU.Build.0 = Debug|Any CPU
		{14C8807A-F0EE-4C73-8BFA-260BF7264A8B}.Release|Any CPU.ActiveCfg = Release|Any CPU
		{14C8807A-F0EE-4C73-8BFA-260BF7264A8B}.Release|Any CPU.Build.0 = Release|Any CPU
		{290F1A56-D635-4426-BB5F-4347F836BAA7}.Debug|Any CPU.ActiveCfg = Debug|Any CPU
		{290F1A56-D635-4426-BB5F-4347F836BAA7}.Debug|Any CPU.Build.0 = Debug|Any CPU
		{290F1A56-D635-4426-BB5F-4347F836BAA7}.Release|Any CPU.ActiveCfg = Release|Any CPU
		{290F1A56-D635-4426-BB5F-4347F836BAA7}.Release|Any CPU.Build.0 = Release|Any CPU
	EndGlobalSection
	GlobalSection(SolutionProperties) = preSolution
		HideSolutionNode = FALSE
	EndGlobalSection
EndGlobal
